
Microsoft Visual Studio Solution File, Format Version 12.00
# Visual Studio Version 16
VisualStudioVersion = 16.0.31702.278
MinimumVisualStudioVersion = 10.0.40219.1
Project("{FAE04EC0-301F-11D3-BF4B-00C04F79EFBC}") = "InfoListener", "InfoListener\InfoListener.csproj", "{FBEC2031-D51A-4981-A0B3-E07DE385AB03}"
EndProject
Project("{9A19103F-16F7-4668-BE54-9A1E7A4F7556}") = "MySerializer", "..\Serializer13042023\MySerializer\MySerializer.csproj", "{46C3A70A-F9B5-4286-998E-ADA8A40AF608}"
EndProject
Project("{9A19103F-16F7-4668-BE54-9A1E7A4F7556}") = "Common", "..\Common\Common\Common.csproj", "{A50DF4E4-6608-4DCC-9991-925853E4BEDE}"
EndProject
Global
	GlobalSection(SolutionConfigurationPlatforms) = preSolution
		Debug|Any CPU = Debug|Any CPU
		Release|Any CPU = Release|Any CPU
	EndGlobalSection
	GlobalSection(ProjectConfigurationPlatforms) = postSolution
		{FBEC2031-D51A-4981-A0B3-E07DE385AB03}.Debug|Any CPU.ActiveCfg = Debug|Any CPU
		{FBEC2031-D51A-4981-A0B3-E07DE385AB03}.Debug|Any CPU.Build.0 = Debug|Any CPU
		{FBEC2031-D51A-4981-A0B3-E07DE385AB03}.Release|Any CPU.ActiveCfg = Release|Any CPU
		{FBEC2031-D51A-4981-A0B3-E07DE385AB03}.Release|Any CPU.Build.0 = Release|Any CPU
		{46C3A70A-F9B5-4286-998E-ADA8A40AF608}.Debug|Any CPU.ActiveCfg = Debug|Any CPU
		{46C3A70A-F9B5-4286-998E-ADA8A40AF608}.Debug|Any CPU.Build.0 = Debug|Any CPU
		{46C3A70A-F9B5-4286-998E-ADA8A40AF608}.Release|Any CPU.ActiveCfg = Release|Any CPU
		{46C3A70A-F9B5-4286-998E-ADA8A40AF608}.Release|Any CPU.Build.0 = Release|Any CPU
		{A50DF4E4-6608-4DCC-9991-925853E4BEDE}.Debug|Any CPU.ActiveCfg = Debug|Any CPU
		{A50DF4E4-6608-4DCC-9991-925853E4BEDE}.Debug|Any CPU.Build.0 = Debug|Any CPU
		{A50DF4E4-6608-4DCC-9991-925853E4BEDE}.Release|Any CPU.ActiveCfg = Release|Any CPU
		{A50DF4E4-6608-4DCC-9991-925853E4BEDE}.Release|Any CPU.Build.0 = Release|Any CPU
	EndGlobalSection
	GlobalSection(SolutionProperties) = preSolution
		HideSolutionNode = FALSE
	EndGlobalSection
	GlobalSection(ExtensibilityGlobals) = postSolution
		SolutionGuid = {F0B1B3F1-62F0-44E2-83FF-4418C417E90F}
	EndGlobalSection
EndGlobal
