
Microsoft Visual Studio Solution File, Format Version 12.00
# Visual Studio Version 16
VisualStudioVersion = 16.0.31702.278
MinimumVisualStudioVersion = 10.0.40219.1
Project("{FAE04EC0-301F-11D3-BF4B-00C04F79EFBC}") = "InfoProducer", "InfoProducer\InfoProducer.csproj", "{113F3BCE-7450-4B60-8499-110A333E7057}"
EndProject
Project("{9A19103F-16F7-4668-BE54-9A1E7A4F7556}") = "MySerializer", "..\Serializer13042023\MySerializer\MySerializer.csproj", "{4244F00C-2CA0-443C-B6DE-59E75F26267E}"
EndProject
Project("{9A19103F-16F7-4668-BE54-9A1E7A4F7556}") = "Common", "..\Common\Common\Common.csproj", "{24A16152-44EB-4326-85F2-B8C2AB8D92D0}"
EndProject
Global
	GlobalSection(SolutionConfigurationPlatforms) = preSolution
		Debug|Any CPU = Debug|Any CPU
		Release|Any CPU = Release|Any CPU
	EndGlobalSection
	GlobalSection(ProjectConfigurationPlatforms) = postSolution
		{113F3BCE-7450-4B60-8499-110A333E7057}.Debug|Any CPU.ActiveCfg = Debug|Any CPU
		{113F3BCE-7450-4B60-8499-110A333E7057}.Debug|Any CPU.Build.0 = Debug|Any CPU
		{113F3BCE-7450-4B60-8499-110A333E7057}.Release|Any CPU.ActiveCfg = Release|Any CPU
		{113F3BCE-7450-4B60-8499-110A333E7057}.Release|Any CPU.Build.0 = Release|Any CPU
		{4244F00C-2CA0-443C-B6DE-59E75F26267E}.Debug|Any CPU.ActiveCfg = Debug|Any CPU
		{4244F00C-2CA0-443C-B6DE-59E75F26267E}.Debug|Any CPU.Build.0 = Debug|Any CPU
		{4244F00C-2CA0-443C-B6DE-59E75F26267E}.Release|Any CPU.ActiveCfg = Release|Any CPU
		{4244F00C-2CA0-443C-B6DE-59E75F26267E}.Release|Any CPU.Build.0 = Release|Any CPU
		{24A16152-44EB-4326-85F2-B8C2AB8D92D0}.Debug|Any CPU.ActiveCfg = Debug|Any CPU
		{24A16152-44EB-4326-85F2-B8C2AB8D92D0}.Debug|Any CPU.Build.0 = Debug|Any CPU
		{24A16152-44EB-4326-85F2-B8C2AB8D92D0}.Release|Any CPU.ActiveCfg = Release|Any CPU
		{24A16152-44EB-4326-85F2-B8C2AB8D92D0}.Release|Any CPU.Build.0 = Release|Any CPU
	EndGlobalSection
	GlobalSection(SolutionProperties) = preSolution
		HideSolutionNode = FALSE
	EndGlobalSection
	GlobalSection(ExtensibilityGlobals) = postSolution
		SolutionGuid = {953F0946-C2EB-4998-87F1-AE60B4A31BA7}
	EndGlobalSection
EndGlobal
